
Microsoft Visual Studio Solution File, Format Version 12.00
# Visual Studio Version 17
VisualStudioVersion = 17.11.35327.3
MinimumVisualStudioVersion = 10.0.40219.1
Project("{9A19103F-16F7-4668-BE54-9A1E7A4F7556}") = "All Project", "All Project.csproj", "{45958E1D-329D-4DA0-8FC7-4590ABB921F9}"
EndProject
Global
	GlobalSection(SolutionConfigurationPlatforms) = preSolution
		Debug|Any CPU = Debug|Any CPU
		Release|Any CPU = Release|Any CPU
	EndGlobalSection
	GlobalSection(ProjectConfigurationPlatforms) = postSolution
		{45958E1D-329D-4DA0-8FC7-4590ABB921F9}.Debug|Any CPU.ActiveCfg = Debug|Any CPU
		{45958E1D-329D-4DA0-8FC7-4590ABB921F9}.Debug|Any CPU.Build.0 = Debug|Any CPU
		{45958E1D-329D-4DA0-8FC7-4590ABB921F9}.Release|Any CPU.ActiveCfg = Release|Any CPU
		{45958E1D-329D-4DA0-8FC7-4590ABB921F9}.Release|Any CPU.Build.0 = Release|Any CPU
	EndGlobalSection
	GlobalSection(SolutionProperties) = preSolution
		HideSolutionNode = FALSE
	EndGlobalSection
	GlobalSection(ExtensibilityGlobals) = postSolution
		SolutionGuid = {3DA05A0A-CF23-4015-B214-8C1EC362AEE9}
	EndGlobalSection
EndGlobal
